// !$*UTF8*$!
{
	archiveVersion = 1;
	classes = {
	};
	objectVersion = 55;
	objects = {

/* Begin PBXBuildFile section */
		C41B70E32922428500804987 /* NutrientEntryExtensions.swift in Sources */ = {isa = PBXBuildFile; fileRef = C41B70E22922428500804987 /* NutrientEntryExtensions.swift */; };
		C41B70E8292260C400804987 /* NutrientsSectionViewModel.swift in Sources */ = {isa = PBXBuildFile; fileRef = C41B70E7292260C400804987 /* NutrientsSectionViewModel.swift */; };
		C429ECD8291D0580005DBCE4 /* NutrientSectionView.swift in Sources */ = {isa = PBXBuildFile; fileRef = C429ECD7291D0580005DBCE4 /* NutrientSectionView.swift */; };
		C429ECDA291D090A005DBCE4 /* PortionLogHeader.swift in Sources */ = {isa = PBXBuildFile; fileRef = C429ECD9291D090A005DBCE4 /* PortionLogHeader.swift */; };
		C429ECDD291D0994005DBCE4 /* SFSymbolButton.swift in Sources */ = {isa = PBXBuildFile; fileRef = C429ECDC291D0994005DBCE4 /* SFSymbolButton.swift */; };
		C429ECE0291D1157005DBCE4 /* Constants.swift in Sources */ = {isa = PBXBuildFile; fileRef = C429ECDF291D1157005DBCE4 /* Constants.swift */; };
		C429ECE7291D2460005DBCE4 /* DailyLogModel.xcdatamodeld in Sources */ = {isa = PBXBuildFile; fileRef = C429ECE5291D2460005DBCE4 /* DailyLogModel.xcdatamodeld */; };
		C429ECE9291D2649005DBCE4 /* CoreDataController.swift in Sources */ = {isa = PBXBuildFile; fileRef = C429ECE8291D2649005DBCE4 /* CoreDataController.swift */; };
		C451EC60290AD2450030F1E0 /* DailyPortionLogView.swift in Sources */ = {isa = PBXBuildFile; fileRef = C451EC5F290AD2450030F1E0 /* DailyPortionLogView.swift */; };
		C46103712925295C000A3C01 /* SettingsSheet.swift in Sources */ = {isa = PBXBuildFile; fileRef = C46103702925295C000A3C01 /* SettingsSheet.swift */; };
		C4677250290AC05100C9FFC1 /* TapLongPressureGesture.swift in Sources */ = {isa = PBXBuildFile; fileRef = C467724F290AC05100C9FFC1 /* TapLongPressureGesture.swift */; };
		C47913ED291D61C700047E61 /* DailyPortionLogViewModel.swift in Sources */ = {isa = PBXBuildFile; fileRef = C47913EC291D61C700047E61 /* DailyPortionLogViewModel.swift */; };
		C47913EF291D646400047E61 /* NutrientsView.swift in Sources */ = {isa = PBXBuildFile; fileRef = C47913EE291D646400047E61 /* NutrientsView.swift */; };
		C47913F3291D659800047E61 /* AvailableNutrients.swift in Sources */ = {isa = PBXBuildFile; fileRef = C47913F2291D659800047E61 /* AvailableNutrients.swift */; };
		C47D6EA52925923500352C84 /* StartupScreenSelection.swift in Sources */ = {isa = PBXBuildFile; fileRef = C47D6EA42925923500352C84 /* StartupScreenSelection.swift */; };
		C47D6EA7292592B500352C84 /* DefaultStartupPicker.swift in Sources */ = {isa = PBXBuildFile; fileRef = C47D6EA6292592B500352C84 /* DefaultStartupPicker.swift */; };
		C47D6EAB29259C8400352C84 /* CreateLogButton.swift in Sources */ = {isa = PBXBuildFile; fileRef = C47D6EAA29259C8400352C84 /* CreateLogButton.swift */; };
		C47D6EAD2926182900352C84 /* DismissButton.swift in Sources */ = {isa = PBXBuildFile; fileRef = C47D6EAC2926182900352C84 /* DismissButton.swift */; };
		C47D6EAF2926183A00352C84 /* HeaderView.swift in Sources */ = {isa = PBXBuildFile; fileRef = C47D6EAE2926183A00352C84 /* HeaderView.swift */; };
		C47D6EB329261B4800352C84 /* RecommendedPortionsSection.swift in Sources */ = {isa = PBXBuildFile; fileRef = C47D6EB229261B4800352C84 /* RecommendedPortionsSection.swift */; };
		C47D6EB529261B8900352C84 /* DefaultDateSection.swift in Sources */ = {isa = PBXBuildFile; fileRef = C47D6EB429261B8900352C84 /* DefaultDateSection.swift */; };
		C49283A828C6538E005770A8 /* Optimal_HealthApp.swift in Sources */ = {isa = PBXBuildFile; fileRef = C49283A728C6538E005770A8 /* Optimal_HealthApp.swift */; };
		C49283AA28C6538E005770A8 /* ContentView.swift in Sources */ = {isa = PBXBuildFile; fileRef = C49283A928C6538E005770A8 /* ContentView.swift */; };
		C49283AC28C6538F005770A8 /* Assets.xcassets in Resources */ = {isa = PBXBuildFile; fileRef = C49283AB28C6538F005770A8 /* Assets.xcassets */; };
		C49283AF28C6538F005770A8 /* Preview Assets.xcassets in Resources */ = {isa = PBXBuildFile; fileRef = C49283AE28C6538F005770A8 /* Preview Assets.xcassets */; };
		C49D59FF29254ED000B046CF /* RecommendedPotionsSlider.swift in Sources */ = {isa = PBXBuildFile; fileRef = C49D59FE29254ED000B046CF /* RecommendedPotionsSlider.swift */; };
		C49EA616290A934000A1AF4C /* TappablePortionView.swift in Sources */ = {isa = PBXBuildFile; fileRef = C49EA615290A934000A1AF4C /* TappablePortionView.swift */; };
		C49F93042920FFC2007AD4DB /* ValueTransformers.swift in Sources */ = {isa = PBXBuildFile; fileRef = C49F93032920FFC1007AD4DB /* ValueTransformers.swift */; };
		C4D15D742934D28C00EA7ED7 /* ScrollingCalendar in Frameworks */ = {isa = PBXBuildFile; productRef = C4D15D732934D28C00EA7ED7 /* ScrollingCalendar */; };
		C4D4F284291FF4FD00224721 /* DailyLogExtensions.swift in Sources */ = {isa = PBXBuildFile; fileRef = C4D4F283291FF4FD00224721 /* DailyLogExtensions.swift */; };
/* End PBXBuildFile section */

/* Begin PBXFileReference section */
		C41B70E22922428500804987 /* NutrientEntryExtensions.swift */ = {isa = PBXFileReference; lastKnownFileType = sourcecode.swift; path = NutrientEntryExtensions.swift; sourceTree = "<group>"; };
		C41B70E7292260C400804987 /* NutrientsSectionViewModel.swift */ = {isa = PBXFileReference; lastKnownFileType = sourcecode.swift; path = NutrientsSectionViewModel.swift; sourceTree = "<group>"; };
		C429ECD7291D0580005DBCE4 /* NutrientSectionView.swift */ = {isa = PBXFileReference; lastKnownFileType = sourcecode.swift; path = NutrientSectionView.swift; sourceTree = "<group>"; };
		C429ECD9291D090A005DBCE4 /* PortionLogHeader.swift */ = {isa = PBXFileReference; lastKnownFileType = sourcecode.swift; path = PortionLogHeader.swift; sourceTree = "<group>"; };
		C429ECDC291D0994005DBCE4 /* SFSymbolButton.swift */ = {isa = PBXFileReference; lastKnownFileType = sourcecode.swift; path = SFSymbolButton.swift; sourceTree = "<group>"; };
		C429ECDF291D1157005DBCE4 /* Constants.swift */ = {isa = PBXFileReference; lastKnownFileType = sourcecode.swift; path = Constants.swift; sourceTree = "<group>"; };
		C429ECE6291D2460005DBCE4 /* DailyLogModel.xcdatamodel */ = {isa = PBXFileReference; lastKnownFileType = wrapper.xcdatamodel; path = DailyLogModel.xcdatamodel; sourceTree = "<group>"; };
		C429ECE8291D2649005DBCE4 /* CoreDataController.swift */ = {isa = PBXFileReference; lastKnownFileType = sourcecode.swift; path = CoreDataController.swift; sourceTree = "<group>"; };
		C451EC5F290AD2450030F1E0 /* DailyPortionLogView.swift */ = {isa = PBXFileReference; lastKnownFileType = sourcecode.swift; path = DailyPortionLogView.swift; sourceTree = "<group>"; };
		C46103702925295C000A3C01 /* SettingsSheet.swift */ = {isa = PBXFileReference; lastKnownFileType = sourcecode.swift; path = SettingsSheet.swift; sourceTree = "<group>"; };
		C467724F290AC05100C9FFC1 /* TapLongPressureGesture.swift */ = {isa = PBXFileReference; lastKnownFileType = sourcecode.swift; path = TapLongPressureGesture.swift; sourceTree = "<group>"; };
		C47913EC291D61C700047E61 /* DailyPortionLogViewModel.swift */ = {isa = PBXFileReference; lastKnownFileType = sourcecode.swift; path = DailyPortionLogViewModel.swift; sourceTree = "<group>"; };
		C47913EE291D646400047E61 /* NutrientsView.swift */ = {isa = PBXFileReference; lastKnownFileType = sourcecode.swift; path = NutrientsView.swift; sourceTree = "<group>"; };
		C47913F2291D659800047E61 /* AvailableNutrients.swift */ = {isa = PBXFileReference; lastKnownFileType = sourcecode.swift; path = AvailableNutrients.swift; sourceTree = "<group>"; };
		C47D6EA42925923500352C84 /* StartupScreenSelection.swift */ = {isa = PBXFileReference; lastKnownFileType = sourcecode.swift; path = StartupScreenSelection.swift; sourceTree = "<group>"; };
		C47D6EA6292592B500352C84 /* DefaultStartupPicker.swift */ = {isa = PBXFileReference; lastKnownFileType = sourcecode.swift; path = DefaultStartupPicker.swift; sourceTree = "<group>"; };
		C47D6EAA29259C8400352C84 /* CreateLogButton.swift */ = {isa = PBXFileReference; lastKnownFileType = sourcecode.swift; path = CreateLogButton.swift; sourceTree = "<group>"; };
		C47D6EAC2926182900352C84 /* DismissButton.swift */ = {isa = PBXFileReference; lastKnownFileType = sourcecode.swift; path = DismissButton.swift; sourceTree = "<group>"; };
		C47D6EAE2926183A00352C84 /* HeaderView.swift */ = {isa = PBXFileReference; lastKnownFileType = sourcecode.swift; path = HeaderView.swift; sourceTree = "<group>"; };
		C47D6EB229261B4800352C84 /* RecommendedPortionsSection.swift */ = {isa = PBXFileReference; lastKnownFileType = sourcecode.swift; path = RecommendedPortionsSection.swift; sourceTree = "<group>"; };
		C47D6EB429261B8900352C84 /* DefaultDateSection.swift */ = {isa = PBXFileReference; lastKnownFileType = sourcecode.swift; path = DefaultDateSection.swift; sourceTree = "<group>"; };
		C49283A428C6538E005770A8 /* Optimal Health.app */ = {isa = PBXFileReference; explicitFileType = wrapper.application; includeInIndex = 0; path = "Optimal Health.app"; sourceTree = BUILT_PRODUCTS_DIR; };
		C49283A728C6538E005770A8 /* Optimal_HealthApp.swift */ = {isa = PBXFileReference; lastKnownFileType = sourcecode.swift; path = Optimal_HealthApp.swift; sourceTree = "<group>"; };
		C49283A928C6538E005770A8 /* ContentView.swift */ = {isa = PBXFileReference; lastKnownFileType = sourcecode.swift; path = ContentView.swift; sourceTree = "<group>"; };
		C49283AB28C6538F005770A8 /* Assets.xcassets */ = {isa = PBXFileReference; lastKnownFileType = folder.assetcatalog; path = Assets.xcassets; sourceTree = "<group>"; };
		C49283AE28C6538F005770A8 /* Preview Assets.xcassets */ = {isa = PBXFileReference; lastKnownFileType = folder.assetcatalog; path = "Preview Assets.xcassets"; sourceTree = "<group>"; };
		C49D59FE29254ED000B046CF /* RecommendedPotionsSlider.swift */ = {isa = PBXFileReference; lastKnownFileType = sourcecode.swift; path = RecommendedPotionsSlider.swift; sourceTree = "<group>"; };
		C49EA615290A934000A1AF4C /* TappablePortionView.swift */ = {isa = PBXFileReference; lastKnownFileType = sourcecode.swift; path = TappablePortionView.swift; sourceTree = "<group>"; };
		C49F93032920FFC1007AD4DB /* ValueTransformers.swift */ = {isa = PBXFileReference; lastKnownFileType = sourcecode.swift; path = ValueTransformers.swift; sourceTree = "<group>"; };
		C4D4F283291FF4FD00224721 /* DailyLogExtensions.swift */ = {isa = PBXFileReference; lastKnownFileType = sourcecode.swift; path = DailyLogExtensions.swift; sourceTree = "<group>"; };
/* End PBXFileReference section */

/* Begin PBXFrameworksBuildPhase section */
		C49283A128C6538E005770A8 /* Frameworks */ = {
			isa = PBXFrameworksBuildPhase;
			buildActionMask = 2147483647;
			files = (
				C4D15D742934D28C00EA7ED7 /* ScrollingCalendar in Frameworks */,
			);
			runOnlyForDeploymentPostprocessing = 0;
		};
/* End PBXFrameworksBuildPhase section */

/* Begin PBXGroup section */
		C41B70E42922485400804987 /* Header */ = {
			isa = PBXGroup;
			children = (
				C429ECD9291D090A005DBCE4 /* PortionLogHeader.swift */,
			);
			path = Header;
			sourceTree = "<group>";
		};
		C41B70E52922487300804987 /* Body */ = {
			isa = PBXGroup;
			children = (
				C47913EE291D646400047E61 /* NutrientsView.swift */,
				C41B70E62922488700804987 /* Components */,
				C47D6EAA29259C8400352C84 /* CreateLogButton.swift */,
			);
			path = Body;
			sourceTree = "<group>";
		};
		C41B70E62922488700804987 /* Components */ = {
			isa = PBXGroup;
			children = (
				C429ECD7291D0580005DBCE4 /* NutrientSectionView.swift */,
				C451EC5A290AD1FA0030F1E0 /* Tappable Portion View */,
			);
			path = Components;
			sourceTree = "<group>";
		};
		C429ECDB291D094A005DBCE4 /* CommonComponents */ = {
			isa = PBXGroup;
			children = (
				C429ECDC291D0994005DBCE4 /* SFSymbolButton.swift */,
			);
			path = CommonComponents;
			sourceTree = "<group>";
		};
		C429ECDE291D113B005DBCE4 /* Helpers */ = {
			isa = PBXGroup;
			children = (
				C47D6EA32925920800352C84 /* Enums */,
				C429ECDF291D1157005DBCE4 /* Constants.swift */,
			);
			path = Helpers;
			sourceTree = "<group>";
		};
		C429ECE1291D240A005DBCE4 /* Database */ = {
			isa = PBXGroup;
			children = (
				C429ECE5291D2460005DBCE4 /* DailyLogModel.xcdatamodeld */,
				C429ECE8291D2649005DBCE4 /* CoreDataController.swift */,
				C49F93032920FFC1007AD4DB /* ValueTransformers.swift */,
				C4D4F283291FF4FD00224721 /* DailyLogExtensions.swift */,
				C41B70E22922428500804987 /* NutrientEntryExtensions.swift */,
			);
			path = Database;
			sourceTree = "<group>";
		};
		C451EC5A290AD1FA0030F1E0 /* Tappable Portion View */ = {
			isa = PBXGroup;
			children = (
				C49EA615290A934000A1AF4C /* TappablePortionView.swift */,
				C467724E290AC03E00C9FFC1 /* Components */,
			);
			path = "Tappable Portion View";
			sourceTree = "<group>";
		};
		C451EC5B290AD2140030F1E0 /* Components */ = {
			isa = PBXGroup;
			children = (
				C41B70E42922485400804987 /* Header */,
				C41B70E52922487300804987 /* Body */,
			);
			path = Components;
			sourceTree = "<group>";
		};
		C461036F29252948000A3C01 /* SettingsSheet */ = {
			isa = PBXGroup;
			children = (
				C46103702925295C000A3C01 /* SettingsSheet.swift */,
				C49D59FD29254EC100B046CF /* Components */,
			);
			path = SettingsSheet;
			sourceTree = "<group>";
		};
		C467724E290AC03E00C9FFC1 /* Components */ = {
			isa = PBXGroup;
			children = (
				C467724F290AC05100C9FFC1 /* TapLongPressureGesture.swift */,
			);
			path = Components;
			sourceTree = "<group>";
		};
		C4677251290AC06B00C9FFC1 /* DailyPortionLogScreen */ = {
			isa = PBXGroup;
			children = (
				C451EC5F290AD2450030F1E0 /* DailyPortionLogView.swift */,
				C451EC5B290AD2140030F1E0 /* Components */,
			);
			path = DailyPortionLogScreen;
			sourceTree = "<group>";
		};
		C47913EB291D61AD00047E61 /* ViewModels */ = {
			isa = PBXGroup;
			children = (
				C47913EC291D61C700047E61 /* DailyPortionLogViewModel.swift */,
				C41B70E7292260C400804987 /* NutrientsSectionViewModel.swift */,
			);
			path = ViewModels;
			sourceTree = "<group>";
		};
		C47913F0291D656700047E61 /* Models */ = {
			isa = PBXGroup;
			children = (
				C429ECE1291D240A005DBCE4 /* Database */,
			);
			path = Models;
			sourceTree = "<group>";
		};
		C47D6EA32925920800352C84 /* Enums */ = {
			isa = PBXGroup;
			children = (
				C47913F2291D659800047E61 /* AvailableNutrients.swift */,
				C47D6EA42925923500352C84 /* StartupScreenSelection.swift */,
			);
			path = Enums;
			sourceTree = "<group>";
		};
		C47D6EB029261B0200352C84 /* Header */ = {
			isa = PBXGroup;
			children = (
				C47D6EAE2926183A00352C84 /* HeaderView.swift */,
				C47D6EAC2926182900352C84 /* DismissButton.swift */,
			);
			path = Header;
			sourceTree = "<group>";
		};
		C47D6EB129261B1300352C84 /* Body */ = {
			isa = PBXGroup;
			children = (
				C47D6EB229261B4800352C84 /* RecommendedPortionsSection.swift */,
				C47D6EB429261B8900352C84 /* DefaultDateSection.swift */,
				C49D59FE29254ED000B046CF /* RecommendedPotionsSlider.swift */,
				C47D6EA6292592B500352C84 /* DefaultStartupPicker.swift */,
			);
			path = Body;
			sourceTree = "<group>";
		};
		C4876DB1292BD27200A61E09 /* Frameworks */ = {
			isa = PBXGroup;
			children = (
			);
			name = Frameworks;
			sourceTree = "<group>";
		};
		C492839B28C6538E005770A8 = {
			isa = PBXGroup;
			children = (
				C49283A628C6538E005770A8 /* OptimalHealth */,
				C49283A528C6538E005770A8 /* Products */,
				C4876DB1292BD27200A61E09 /* Frameworks */,
			);
			sourceTree = "<group>";
		};
		C49283A528C6538E005770A8 /* Products */ = {
			isa = PBXGroup;
			children = (
				C49283A428C6538E005770A8 /* Optimal Health.app */,
			);
			name = Products;
			sourceTree = "<group>";
		};
		C49283A628C6538E005770A8 /* OptimalHealth */ = {
			isa = PBXGroup;
			children = (
				C49283A728C6538E005770A8 /* Optimal_HealthApp.swift */,
				C47913F0291D656700047E61 /* Models */,
				C47913EB291D61AD00047E61 /* ViewModels */,
				C49EA614290A932A00A1AF4C /* Screens */,
				C429ECDB291D094A005DBCE4 /* CommonComponents */,
				C429ECDE291D113B005DBCE4 /* Helpers */,
				C4D4F280291FF3EA00224721 /* Extensions */,
				C49283AB28C6538F005770A8 /* Assets.xcassets */,
				C49283AD28C6538F005770A8 /* Preview Content */,
			);
			path = OptimalHealth;
			sourceTree = "<group>";
		};
		C49283AD28C6538F005770A8 /* Preview Content */ = {
			isa = PBXGroup;
			children = (
				C49283AE28C6538F005770A8 /* Preview Assets.xcassets */,
			);
			path = "Preview Content";
			sourceTree = "<group>";
		};
		C49D59FD29254EC100B046CF /* Components */ = {
			isa = PBXGroup;
			children = (
				C47D6EB129261B1300352C84 /* Body */,
				C47D6EB029261B0200352C84 /* Header */,
			);
			path = Components;
			sourceTree = "<group>";
		};
		C49EA614290A932A00A1AF4C /* Screens */ = {
			isa = PBXGroup;
			children = (
				C49283A928C6538E005770A8 /* ContentView.swift */,
				C4677251290AC06B00C9FFC1 /* DailyPortionLogScreen */,
				C461036F29252948000A3C01 /* SettingsSheet */,
			);
			path = Screens;
			sourceTree = "<group>";
		};
		C4D4F280291FF3EA00224721 /* Extensions */ = {
			isa = PBXGroup;
			children = (
			);
			path = Extensions;
			sourceTree = "<group>";
		};
/* End PBXGroup section */

/* Begin PBXNativeTarget section */
		C49283A328C6538E005770A8 /* Optimal Health */ = {
			isa = PBXNativeTarget;
			buildConfigurationList = C49283B228C6538F005770A8 /* Build configuration list for PBXNativeTarget "Optimal Health" */;
			buildPhases = (
				C49283A028C6538E005770A8 /* Sources */,
				C49283A128C6538E005770A8 /* Frameworks */,
				C49283A228C6538E005770A8 /* Resources */,
			);
			buildRules = (
			);
			dependencies = (
			);
			name = "Optimal Health";
			packageProductDependencies = (
				C4D15D732934D28C00EA7ED7 /* ScrollingCalendar */,
			);
			productName = "Optimal Health";
			productReference = C49283A428C6538E005770A8 /* Optimal Health.app */;
			productType = "com.apple.product-type.application";
		};
/* End PBXNativeTarget section */

/* Begin PBXProject section */
		C492839C28C6538E005770A8 /* Project object */ = {
			isa = PBXProject;
			attributes = {
				BuildIndependentTargetsInParallel = 1;
				LastSwiftUpdateCheck = 1340;
				LastUpgradeCheck = 1340;
				TargetAttributes = {
					C49283A328C6538E005770A8 = {
						CreatedOnToolsVersion = 13.4.1;
					};
				};
			};
			buildConfigurationList = C492839F28C6538E005770A8 /* Build configuration list for PBXProject "Optimal Health" */;
			compatibilityVersion = "Xcode 13.0";
			developmentRegion = en;
			hasScannedForEncodings = 0;
			knownRegions = (
				en,
				Base,
			);
			mainGroup = C492839B28C6538E005770A8;
			packageReferences = (
				C4D15D722934D28C00EA7ED7 /* XCRemoteSwiftPackageReference "ScrollingCalendar" */,
			);
			productRefGroup = C49283A528C6538E005770A8 /* Products */;
			projectDirPath = "";
			projectRoot = "";
			targets = (
				C49283A328C6538E005770A8 /* Optimal Health */,
			);
		};
/* End PBXProject section */

/* Begin PBXResourcesBuildPhase section */
		C49283A228C6538E005770A8 /* Resources */ = {
			isa = PBXResourcesBuildPhase;
			buildActionMask = 2147483647;
			files = (
				C49283AF28C6538F005770A8 /* Preview Assets.xcassets in Resources */,
				C49283AC28C6538F005770A8 /* Assets.xcassets in Resources */,
			);
			runOnlyForDeploymentPostprocessing = 0;
		};
/* End PBXResourcesBuildPhase section */

/* Begin PBXSourcesBuildPhase section */
		C49283A028C6538E005770A8 /* Sources */ = {
			isa = PBXSourcesBuildPhase;
			buildActionMask = 2147483647;
			files = (
				C47913EF291D646400047E61 /* NutrientsView.swift in Sources */,
				C429ECDA291D090A005DBCE4 /* PortionLogHeader.swift in Sources */,
				C47D6EAB29259C8400352C84 /* CreateLogButton.swift in Sources */,
				C4677250290AC05100C9FFC1 /* TapLongPressureGesture.swift in Sources */,
				C429ECDD291D0994005DBCE4 /* SFSymbolButton.swift in Sources */,
				C47D6EB329261B4800352C84 /* RecommendedPortionsSection.swift in Sources */,
				C429ECD8291D0580005DBCE4 /* NutrientSectionView.swift in Sources */,
				C49F93042920FFC2007AD4DB /* ValueTransformers.swift in Sources */,
				C46103712925295C000A3C01 /* SettingsSheet.swift in Sources */,
				C47D6EAD2926182900352C84 /* DismissButton.swift in Sources */,
				C49283AA28C6538E005770A8 /* ContentView.swift in Sources */,
				C47913ED291D61C700047E61 /* DailyPortionLogViewModel.swift in Sources */,
				C451EC60290AD2450030F1E0 /* DailyPortionLogView.swift in Sources */,
				C429ECE9291D2649005DBCE4 /* CoreDataController.swift in Sources */,
				C4D4F284291FF4FD00224721 /* DailyLogExtensions.swift in Sources */,
				C41B70E8292260C400804987 /* NutrientsSectionViewModel.swift in Sources */,
				C429ECE7291D2460005DBCE4 /* DailyLogModel.xcdatamodeld in Sources */,
				C47913F3291D659800047E61 /* AvailableNutrients.swift in Sources */,
				C49D59FF29254ED000B046CF /* RecommendedPotionsSlider.swift in Sources */,
				C47D6EA52925923500352C84 /* StartupScreenSelection.swift in Sources */,
				C49283A828C6538E005770A8 /* Optimal_HealthApp.swift in Sources */,
				C49EA616290A934000A1AF4C /* TappablePortionView.swift in Sources */,
				C429ECE0291D1157005DBCE4 /* Constants.swift in Sources */,
				C41B70E32922428500804987 /* NutrientEntryExtensions.swift in Sources */,
				C47D6EA7292592B500352C84 /* DefaultStartupPicker.swift in Sources */,
				C47D6EAF2926183A00352C84 /* HeaderView.swift in Sources */,
				C47D6EB529261B8900352C84 /* DefaultDateSection.swift in Sources */,
			);
			runOnlyForDeploymentPostprocessing = 0;
		};
/* End PBXSourcesBuildPhase section */

/* Begin XCBuildConfiguration section */
		C49283B028C6538F005770A8 /* Debug */ = {
			isa = XCBuildConfiguration;
			buildSettings = {
				ALWAYS_SEARCH_USER_PATHS = NO;
				CLANG_ANALYZER_NONNULL = YES;
				CLANG_ANALYZER_NUMBER_OBJECT_CONVERSION = YES_AGGRESSIVE;
				CLANG_CXX_LANGUAGE_STANDARD = "gnu++17";
				CLANG_ENABLE_MODULES = YES;
				CLANG_ENABLE_OBJC_ARC = YES;
				CLANG_ENABLE_OBJC_WEAK = YES;
				CLANG_WARN_BLOCK_CAPTURE_AUTORELEASING = YES;
				CLANG_WARN_BOOL_CONVERSION = YES;
				CLANG_WARN_COMMA = YES;
				CLANG_WARN_CONSTANT_CONVERSION = YES;
				CLANG_WARN_DEPRECATED_OBJC_IMPLEMENTATIONS = YES;
				CLANG_WARN_DIRECT_OBJC_ISA_USAGE = YES_ERROR;
				CLANG_WARN_DOCUMENTATION_COMMENTS = YES;
				CLANG_WARN_EMPTY_BODY = YES;
				CLANG_WARN_ENUM_CONVERSION = YES;
				CLANG_WARN_INFINITE_RECURSION = YES;
				CLANG_WARN_INT_CONVERSION = YES;
				CLANG_WARN_NON_LITERAL_NULL_CONVERSION = YES;
				CLANG_WARN_OBJC_IMPLICIT_RETAIN_SELF = YES;
				CLANG_WARN_OBJC_LITERAL_CONVERSION = YES;
				CLANG_WARN_OBJC_ROOT_CLASS = YES_ERROR;
				CLANG_WARN_QUOTED_INCLUDE_IN_FRAMEWORK_HEADER = YES;
				CLANG_WARN_RANGE_LOOP_ANALYSIS = YES;
				CLANG_WARN_STRICT_PROTOTYPES = YES;
				CLANG_WARN_SUSPICIOUS_MOVE = YES;
				CLANG_WARN_UNGUARDED_AVAILABILITY = YES_AGGRESSIVE;
				CLANG_WARN_UNREACHABLE_CODE = YES;
				CLANG_WARN__DUPLICATE_METHOD_MATCH = YES;
				COPY_PHASE_STRIP = NO;
				DEBUG_INFORMATION_FORMAT = dwarf;
				ENABLE_STRICT_OBJC_MSGSEND = YES;
				ENABLE_TESTABILITY = YES;
				GCC_C_LANGUAGE_STANDARD = gnu11;
				GCC_DYNAMIC_NO_PIC = NO;
				GCC_NO_COMMON_BLOCKS = YES;
				GCC_OPTIMIZATION_LEVEL = 0;
				GCC_PREPROCESSOR_DEFINITIONS = (
					"DEBUG=1",
					"$(inherited)",
				);
				GCC_WARN_64_TO_32_BIT_CONVERSION = YES;
				GCC_WARN_ABOUT_RETURN_TYPE = YES_ERROR;
				GCC_WARN_UNDECLARED_SELECTOR = YES;
				GCC_WARN_UNINITIALIZED_AUTOS = YES_AGGRESSIVE;
				GCC_WARN_UNUSED_FUNCTION = YES;
				GCC_WARN_UNUSED_VARIABLE = YES;
				IPHONEOS_DEPLOYMENT_TARGET = 15.5;
				MTL_ENABLE_DEBUG_INFO = INCLUDE_SOURCE;
				MTL_FAST_MATH = YES;
				ONLY_ACTIVE_ARCH = YES;
				SDKROOT = iphoneos;
				SWIFT_ACTIVE_COMPILATION_CONDITIONS = DEBUG;
				SWIFT_OPTIMIZATION_LEVEL = "-Onone";
			};
			name = Debug;
		};
		C49283B128C6538F005770A8 /* Release */ = {
			isa = XCBuildConfiguration;
			buildSettings = {
				ALWAYS_SEARCH_USER_PATHS = NO;
				CLANG_ANALYZER_NONNULL = YES;
				CLANG_ANALYZER_NUMBER_OBJECT_CONVERSION = YES_AGGRESSIVE;
				CLANG_CXX_LANGUAGE_STANDARD = "gnu++17";
				CLANG_ENABLE_MODULES = YES;
				CLANG_ENABLE_OBJC_ARC = YES;
				CLANG_ENABLE_OBJC_WEAK = YES;
				CLANG_WARN_BLOCK_CAPTURE_AUTORELEASING = YES;
				CLANG_WARN_BOOL_CONVERSION = YES;
				CLANG_WARN_COMMA = YES;
				CLANG_WARN_CONSTANT_CONVERSION = YES;
				CLANG_WARN_DEPRECATED_OBJC_IMPLEMENTATIONS = YES;
				CLANG_WARN_DIRECT_OBJC_ISA_USAGE = YES_ERROR;
				CLANG_WARN_DOCUMENTATION_COMMENTS = YES;
				CLANG_WARN_EMPTY_BODY = YES;
				CLANG_WARN_ENUM_CONVERSION = YES;
				CLANG_WARN_INFINITE_RECURSION = YES;
				CLANG_WARN_INT_CONVERSION = YES;
				CLANG_WARN_NON_LITERAL_NULL_CONVERSION = YES;
				CLANG_WARN_OBJC_IMPLICIT_RETAIN_SELF = YES;
				CLANG_WARN_OBJC_LITERAL_CONVERSION = YES;
				CLANG_WARN_OBJC_ROOT_CLASS = YES_ERROR;
				CLANG_WARN_QUOTED_INCLUDE_IN_FRAMEWORK_HEADER = YES;
				CLANG_WARN_RANGE_LOOP_ANALYSIS = YES;
				CLANG_WARN_STRICT_PROTOTYPES = YES;
				CLANG_WARN_SUSPICIOUS_MOVE = YES;
				CLANG_WARN_UNGUARDED_AVAILABILITY = YES_AGGRESSIVE;
				CLANG_WARN_UNREACHABLE_CODE = YES;
				CLANG_WARN__DUPLICATE_METHOD_MATCH = YES;
				COPY_PHASE_STRIP = NO;
				DEBUG_INFORMATION_FORMAT = "dwarf-with-dsym";
				ENABLE_NS_ASSERTIONS = NO;
				ENABLE_STRICT_OBJC_MSGSEND = YES;
				GCC_C_LANGUAGE_STANDARD = gnu11;
				GCC_NO_COMMON_BLOCKS = YES;
				GCC_WARN_64_TO_32_BIT_CONVERSION = YES;
				GCC_WARN_ABOUT_RETURN_TYPE = YES_ERROR;
				GCC_WARN_UNDECLARED_SELECTOR = YES;
				GCC_WARN_UNINITIALIZED_AUTOS = YES_AGGRESSIVE;
				GCC_WARN_UNUSED_FUNCTION = YES;
				GCC_WARN_UNUSED_VARIABLE = YES;
				IPHONEOS_DEPLOYMENT_TARGET = 15.5;
				MTL_ENABLE_DEBUG_INFO = NO;
				MTL_FAST_MATH = YES;
				SDKROOT = iphoneos;
				SWIFT_COMPILATION_MODE = wholemodule;
				SWIFT_OPTIMIZATION_LEVEL = "-O";
				VALIDATE_PRODUCT = YES;
			};
			name = Release;
		};
		C49283B328C6538F005770A8 /* Debug */ = {
			isa = XCBuildConfiguration;
			buildSettings = {
				ASSETCATALOG_COMPILER_APPICON_NAME = AppIcon;
				ASSETCATALOG_COMPILER_GLOBAL_ACCENT_COLOR_NAME = AccentColor;
				CODE_SIGN_STYLE = Automatic;
				CURRENT_PROJECT_VERSION = 1;
				DEVELOPMENT_ASSET_PATHS = "\"OptimalHealth/Preview Content\"";
				DEVELOPMENT_TEAM = 5WASNT9DG3;
				ENABLE_PREVIEWS = YES;
				GENERATE_INFOPLIST_FILE = YES;
				INFOPLIST_KEY_UIApplicationSceneManifest_Generation = YES;
				INFOPLIST_KEY_UIApplicationSupportsIndirectInputEvents = YES;
				INFOPLIST_KEY_UILaunchScreen_Generation = YES;
				INFOPLIST_KEY_UISupportedInterfaceOrientations = UIInterfaceOrientationPortrait;
				INFOPLIST_KEY_UISupportedInterfaceOrientations_iPad = "UIInterfaceOrientationLandscapeLeft UIInterfaceOrientationLandscapeRight UIInterfaceOrientationPortrait UIInterfaceOrientationPortraitUpsideDown";
				LD_RUNPATH_SEARCH_PATHS = (
					"$(inherited)",
					"@executable_path/Frameworks",
				);
				MARKETING_VERSION = 1.0;
				PRODUCT_BUNDLE_IDENTIFIER = "Daniel-Pressner.Optimal-Health";
				PRODUCT_NAME = "$(TARGET_NAME)";
				SWIFT_EMIT_LOC_STRINGS = YES;
				SWIFT_VERSION = 5.0;
				TARGETED_DEVICE_FAMILY = "1,2";
			};
			name = Debug;
		};
		C49283B428C6538F005770A8 /* Release */ = {
			isa = XCBuildConfiguration;
			buildSettings = {
				ASSETCATALOG_COMPILER_APPICON_NAME = AppIcon;
				ASSETCATALOG_COMPILER_GLOBAL_ACCENT_COLOR_NAME = AccentColor;
				CODE_SIGN_STYLE = Automatic;
				CURRENT_PROJECT_VERSION = 1;
				DEVELOPMENT_ASSET_PATHS = "\"OptimalHealth/Preview Content\"";
				DEVELOPMENT_TEAM = 5WASNT9DG3;
				ENABLE_PREVIEWS = YES;
				GENERATE_INFOPLIST_FILE = YES;
				INFOPLIST_KEY_UIApplicationSceneManifest_Generation = YES;
				INFOPLIST_KEY_UIApplicationSupportsIndirectInputEvents = YES;
				INFOPLIST_KEY_UILaunchScreen_Generation = YES;
				INFOPLIST_KEY_UISupportedInterfaceOrientations = UIInterfaceOrientationPortrait;
				INFOPLIST_KEY_UISupportedInterfaceOrientations_iPad = "UIInterfaceOrientationLandscapeLeft UIInterfaceOrientationLandscapeRight UIInterfaceOrientationPortrait UIInterfaceOrientationPortraitUpsideDown";
				LD_RUNPATH_SEARCH_PATHS = (
					"$(inherited)",
					"@executable_path/Frameworks",
				);
				MARKETING_VERSION = 1.0;
				PRODUCT_BUNDLE_IDENTIFIER = "Daniel-Pressner.Optimal-Health";
				PRODUCT_NAME = "$(TARGET_NAME)";
				SWIFT_EMIT_LOC_STRINGS = YES;
				SWIFT_VERSION = 5.0;
				TARGETED_DEVICE_FAMILY = "1,2";
			};
			name = Release;
		};
/* End XCBuildConfiguration section */

/* Begin XCConfigurationList section */
		C492839F28C6538E005770A8 /* Build configuration list for PBXProject "Optimal Health" */ = {
			isa = XCConfigurationList;
			buildConfigurations = (
				C49283B028C6538F005770A8 /* Debug */,
				C49283B128C6538F005770A8 /* Release */,
			);
			defaultConfigurationIsVisible = 0;
			defaultConfigurationName = Release;
		};
		C49283B228C6538F005770A8 /* Build configuration list for PBXNativeTarget "Optimal Health" */ = {
			isa = XCConfigurationList;
			buildConfigurations = (
				C49283B328C6538F005770A8 /* Debug */,
				C49283B428C6538F005770A8 /* Release */,
			);
			defaultConfigurationIsVisible = 0;
			defaultConfigurationName = Release;
		};
/* End XCConfigurationList section */

/* Begin XCRemoteSwiftPackageReference section */
		C4D15D722934D28C00EA7ED7 /* XCRemoteSwiftPackageReference "ScrollingCalendar" */ = {
			isa = XCRemoteSwiftPackageReference;
			repositoryURL = "https://github.com/brawnswanson/ScrollingCalendar.git";
			requirement = {
				branch = main;
				kind = branch;
			};
		};
/* End XCRemoteSwiftPackageReference section */

/* Begin XCSwiftPackageProductDependency section */
		C4D15D732934D28C00EA7ED7 /* ScrollingCalendar */ = {
			isa = XCSwiftPackageProductDependency;
			package = C4D15D722934D28C00EA7ED7 /* XCRemoteSwiftPackageReference "ScrollingCalendar" */;
			productName = ScrollingCalendar;
		};
/* End XCSwiftPackageProductDependency section */

/* Begin XCVersionGroup section */
		C429ECE5291D2460005DBCE4 /* DailyLogModel.xcdatamodeld */ = {
			isa = XCVersionGroup;
			children = (
				C429ECE6291D2460005DBCE4 /* DailyLogModel.xcdatamodel */,
			);
			currentVersion = C429ECE6291D2460005DBCE4 /* DailyLogModel.xcdatamodel */;
			path = DailyLogModel.xcdatamodeld;
			sourceTree = "<group>";
			versionGroupType = wrapper.xcdatamodel;
		};
/* End XCVersionGroup section */
	};
	rootObject = C492839C28C6538E005770A8 /* Project object */;
}
